
Microsoft Visual Studio Solution File, Format Version 12.00
# Visual Studio 15
VisualStudioVersion = 15.0.28307.421
MinimumVisualStudioVersion = 10.0.40219.1
Project("{FAE04EC0-301F-11D3-BF4B-00C04F79EFBC}") = "CWIApp.Android", "CWIApp\CWIApp.Android\CWIApp.Android.csproj", "{4A5646C6-CD75-4B6D-9BE7-9A6E88F5A7D5}"
EndProject
Project("{FAE04EC0-301F-11D3-BF4B-00C04F79EFBC}") = "CWIApp.iOS", "CWIApp\CWIApp.iOS\CWIApp.iOS.csproj", "{945F2ADD-10DB-463C-A384-E8AC18D4137E}"
EndProject
Project("{FAE04EC0-301F-11D3-BF4B-00C04F79EFBC}") = "CWIApp.UWP", "CWIApp\CWIApp.UWP\CWIApp.UWP.csproj", "{816E3A16-5EC4-4F1C-8576-70D8E9C656F8}"
EndProject
Project("{FAE04EC0-301F-11D3-BF4B-00C04F79EFBC}") = "CWIApp", "CWIApp\CWIApp\CWIApp.csproj", "{58B704DE-AB43-49CB-AA5B-94CDA3F9C1F1}"
EndProject
Global
	GlobalSection(SolutionConfigurationPlatforms) = preSolution
		Ad-Hoc|Any CPU = Ad-Hoc|Any CPU
		Ad-Hoc|ARM = Ad-Hoc|ARM
		Ad-Hoc|iPhone = Ad-Hoc|iPhone
		Ad-Hoc|iPhoneSimulator = Ad-Hoc|iPhoneSimulator
		Ad-Hoc|x64 = Ad-Hoc|x64
		Ad-Hoc|x86 = Ad-Hoc|x86
		AppStore|Any CPU = AppStore|Any CPU
		AppStore|ARM = AppStore|ARM
		AppStore|iPhone = AppStore|iPhone
		AppStore|iPhoneSimulator = AppStore|iPhoneSimulator
		AppStore|x64 = AppStore|x64
		AppStore|x86 = AppStore|x86
		Debug|Any CPU = Debug|Any CPU
		Debug|ARM = Debug|ARM
		Debug|iPhone = Debug|iPhone
		Debug|iPhoneSimulator = Debug|iPhoneSimulator
		Debug|x64 = Debug|x64
		Debug|x86 = Debug|x86
		Release|Any CPU = Release|Any CPU
		Release|ARM = Release|ARM
		Release|iPhone = Release|iPhone
		Release|iPhoneSimulator = Release|iPhoneSimulator
		Release|x64 = Release|x64
		Release|x86 = Release|x86
	EndGlobalSection
	GlobalSection(ProjectConfigurationPlatforms) = postSolution
		{4A5646C6-CD75-4B6D-9BE7-9A6E88F5A7D5}.Ad-Hoc|Any CPU.ActiveCfg = Release|Any CPU
		{4A5646C6-CD75-4B6D-9BE7-9A6E88F5A7D5}.Ad-Hoc|Any CPU.Build.0 = Release|Any CPU
		{4A5646C6-CD75-4B6D-9BE7-9A6E88F5A7D5}.Ad-Hoc|Any CPU.Deploy.0 = Release|Any CPU
		{4A5646C6-CD75-4B6D-9BE7-9A6E88F5A7D5}.Ad-Hoc|ARM.ActiveCfg = Release|Any CPU
		{4A5646C6-CD75-4B6D-9BE7-9A6E88F5A7D5}.Ad-Hoc|ARM.Build.0 = Release|Any CPU
		{4A5646C6-CD75-4B6D-9BE7-9A6E88F5A7D5}.Ad-Hoc|ARM.Deploy.0 = Release|Any CPU
		{4A5646C6-CD75-4B6D-9BE7-9A6E88F5A7D5}.Ad-Hoc|iPhone.ActiveCfg = Release|Any CPU
		{4A5646C6-CD75-4B6D-9BE7-9A6E88F5A7D5}.Ad-Hoc|iPhone.Build.0 = Release|Any CPU
		{4A5646C6-CD75-4B6D-9BE7-9A6E88F5A7D5}.Ad-Hoc|iPhone.Deploy.0 = Release|Any CPU
		{4A5646C6-CD75-4B6D-9BE7-9A6E88F5A7D5}.Ad-Hoc|iPhoneSimulator.ActiveCfg = Release|Any CPU
		{4A5646C6-CD75-4B6D-9BE7-9A6E88F5A7D5}.Ad-Hoc|iPhoneSimulator.Build.0 = Release|Any CPU
		{4A5646C6-CD75-4B6D-9BE7-9A6E88F5A7D5}.Ad-Hoc|iPhoneSimulator.Deploy.0 = Release|Any CPU
		{4A5646C6-CD75-4B6D-9BE7-9A6E88F5A7D5}.Ad-Hoc|x64.ActiveCfg = Release|Any CPU
		{4A5646C6-CD75-4B6D-9BE7-9A6E88F5A7D5}.Ad-Hoc|x64.Build.0 = Release|Any CPU
		{4A5646C6-CD75-4B6D-9BE7-9A6E88F5A7D5}.Ad-Hoc|x64.Deploy.0 = Release|Any CPU
		{4A5646C6-CD75-4B6D-9BE7-9A6E88F5A7D5}.Ad-Hoc|x86.ActiveCfg = Release|Any CPU
		{4A5646C6-CD75-4B6D-9BE7-9A6E88F5A7D5}.Ad-Hoc|x86.Build.0 = Release|Any CPU
		{4A5646C6-CD75-4B6D-9BE7-9A6E88F5A7D5}.Ad-Hoc|x86.Deploy.0 = Release|Any CPU
		{4A5646C6-CD75-4B6D-9BE7-9A6E88F5A7D5}.AppStore|Any CPU.ActiveCfg = Release|Any CPU
		{4A5646C6-CD75-4B6D-9BE7-9A6E88F5A7D5}.AppStore|Any CPU.Build.0 = Release|Any CPU
		{4A5646C6-CD75-4B6D-9BE7-9A6E88F5A7D5}.AppStore|Any CPU.Deploy.0 = Release|Any CPU
		{4A5646C6-CD75-4B6D-9BE7-9A6E88F5A7D5}.AppStore|ARM.ActiveCfg = Release|Any CPU
		{4A5646C6-CD75-4B6D-9BE7-9A6E88F5A7D5}.AppStore|ARM.Build.0 = Release|Any CPU
		{4A5646C6-CD75-4B6D-9BE7-9A6E88F5A7D5}.AppStore|ARM.Deploy.0 = Release|Any CPU
		{4A5646C6-CD75-4B6D-9BE7-9A6E88F5A7D5}.AppStore|iPhone.ActiveCfg = Release|Any CPU
		{4A5646C6-CD75-4B6D-9BE7-9A6E88F5A7D5}.AppStore|iPhone.Build.0 = Release|Any CPU
		{4A5646C6-CD75-4B6D-9BE7-9A6E88F5A7D5}.AppStore|iPhone.Deploy.0 = Release|Any CPU
		{4A5646C6-CD75-4B6D-9BE7-9A6E88F5A7D5}.AppStore|iPhoneSimulator.ActiveCfg = Release|Any CPU
		{4A5646C6-CD75-4B6D-9BE7-9A6E88F5A7D5}.AppStore|iPhoneSimulator.Build.0 = Release|Any CPU
		{4A5646C6-CD75-4B6D-9BE7-9A6E88F5A7D5}.AppStore|iPhoneSimulator.Deploy.0 = Release|Any CPU
		{4A5646C6-CD75-4B6D-9BE7-9A6E88F5A7D5}.AppStore|x64.ActiveCfg = Release|Any CPU
		{4A5646C6-CD75-4B6D-9BE7-9A6E88F5A7D5}.AppStore|x64.Build.0 = Release|Any CPU
		{4A5646C6-CD75-4B6D-9BE7-9A6E88F5A7D5}.AppStore|x64.Deploy.0 = Release|Any CPU
		{4A5646C6-CD75-4B6D-9BE7-9A6E88F5A7D5}.AppStore|x86.ActiveCfg = Release|Any CPU
		{4A5646C6-CD75-4B6D-9BE7-9A6E88F5A7D5}.AppStore|x86.Build.0 = Release|Any CPU
		{4A5646C6-CD75-4B6D-9BE7-9A6E88F5A7D5}.AppStore|x86.Deploy.0 = Release|Any CPU
		{4A5646C6-CD75-4B6D-9BE7-9A6E88F5A7D5}.Debug|Any CPU.ActiveCfg = Debug|Any CPU
		{4A5646C6-CD75-4B6D-9BE7-9A6E88F5A7D5}.Debug|Any CPU.Build.0 = Debug|Any CPU
		{4A5646C6-CD75-4B6D-9BE7-9A6E88F5A7D5}.Debug|Any CPU.Deploy.0 = Debug|Any CPU
		{4A5646C6-CD75-4B6D-9BE7-9A6E88F5A7D5}.Debug|ARM.ActiveCfg = Debug|Any CPU
		{4A5646C6-CD75-4B6D-9BE7-9A6E88F5A7D5}.Debug|ARM.Build.0 = Debug|Any CPU
		{4A5646C6-CD75-4B6D-9BE7-9A6E88F5A7D5}.Debug|ARM.Deploy.0 = Debug|Any CPU
		{4A5646C6-CD75-4B6D-9BE7-9A6E88F5A7D5}.Debug|iPhone.ActiveCfg = Debug|Any CPU
		{4A5646C6-CD75-4B6D-9BE7-9A6E88F5A7D5}.Debug|iPhone.Build.0 = Debug|Any CPU
		{4A5646C6-CD75-4B6D-9BE7-9A6E88F5A7D5}.Debug|iPhone.Deploy.0 = Debug|Any CPU
		{4A5646C6-CD75-4B6D-9BE7-9A6E88F5A7D5}.Debug|iPhoneSimulator.ActiveCfg = Debug|Any CPU
		{4A5646C6-CD75-4B6D-9BE7-9A6E88F5A7D5}.Debug|iPhoneSimulator.Build.0 = Debug|Any CPU
		{4A5646C6-CD75-4B6D-9BE7-9A6E88F5A7D5}.Debug|iPhoneSimulator.Deploy.0 = Debug|Any CPU
		{4A5646C6-CD75-4B6D-9BE7-9A6E88F5A7D5}.Debug|x64.ActiveCfg = Debug|Any CPU
		{4A5646C6-CD75-4B6D-9BE7-9A6E88F5A7D5}.Debug|x64.Build.0 = Debug|Any CPU
		{4A5646C6-CD75-4B6D-9BE7-9A6E88F5A7D5}.Debug|x64.Deploy.0 = Debug|Any CPU
		{4A5646C6-CD75-4B6D-9BE7-9A6E88F5A7D5}.Debug|x86.ActiveCfg = Debug|Any CPU
		{4A5646C6-CD75-4B6D-9BE7-9A6E88F5A7D5}.Debug|x86.Build.0 = Debug|Any CPU
		{4A5646C6-CD75-4B6D-9BE7-9A6E88F5A7D5}.Debug|x86.Deploy.0 = Debug|Any CPU
		{4A5646C6-CD75-4B6D-9BE7-9A6E88F5A7D5}.Release|Any CPU.ActiveCfg = Release|Any CPU
		{4A5646C6-CD75-4B6D-9BE7-9A6E88F5A7D5}.Release|Any CPU.Build.0 = Release|Any CPU
		{4A5646C6-CD75-4B6D-9BE7-9A6E88F5A7D5}.Release|Any CPU.Deploy.0 = Release|Any CPU
		{4A5646C6-CD75-4B6D-9BE7-9A6E88F5A7D5}.Release|ARM.ActiveCfg = Release|Any CPU
		{4A5646C6-CD75-4B6D-9BE7-9A6E88F5A7D5}.Release|ARM.Build.0 = Release|Any CPU
		{4A5646C6-CD75-4B6D-9BE7-9A6E88F5A7D5}.Release|ARM.Deploy.0 = Release|Any CPU
		{4A5646C6-CD75-4B6D-9BE7-9A6E88F5A7D5}.Release|iPhone.ActiveCfg = Release|Any CPU
		{4A5646C6-CD75-4B6D-9BE7-9A6E88F5A7D5}.Release|iPhone.Build.0 = Release|Any CPU
		{4A5646C6-CD75-4B6D-9BE7-9A6E88F5A7D5}.Release|iPhone.Deploy.0 = Release|Any CPU
		{4A5646C6-CD75-4B6D-9BE7-9A6E88F5A7D5}.Release|iPhoneSimulator.ActiveCfg = Release|Any CPU
		{4A5646C6-CD75-4B6D-9BE7-9A6E88F5A7D5}.Release|iPhoneSimulator.Build.0 = Release|Any CPU
		{4A5646C6-CD75-4B6D-9BE7-9A6E88F5A7D5}.Release|iPhoneSimulator.Deploy.0 = Release|Any CPU
		{4A5646C6-CD75-4B6D-9BE7-9A6E88F5A7D5}.Release|x64.ActiveCfg = Release|Any CPU
		{4A5646C6-CD75-4B6D-9BE7-9A6E88F5A7D5}.Release|x64.Build.0 = Release|Any CPU
		{4A5646C6-CD75-4B6D-9BE7-9A6E88F5A7D5}.Release|x64.Deploy.0 = Release|Any CPU
		{4A5646C6-CD75-4B6D-9BE7-9A6E88F5A7D5}.Release|x86.ActiveCfg = Release|Any CPU
		{4A5646C6-CD75-4B6D-9BE7-9A6E88F5A7D5}.Release|x86.Build.0 = Release|Any CPU
		{4A5646C6-CD75-4B6D-9BE7-9A6E88F5A7D5}.Release|x86.Deploy.0 = Release|Any CPU
		{945F2ADD-10DB-463C-A384-E8AC18D4137E}.Ad-Hoc|Any CPU.ActiveCfg = Ad-Hoc|iPhone
		{945F2ADD-10DB-463C-A384-E8AC18D4137E}.Ad-Hoc|Any CPU.Build.0 = Ad-Hoc|iPhone
		{945F2ADD-10DB-463C-A384-E8AC18D4137E}.Ad-Hoc|Any CPU.Deploy.0 = Ad-Hoc|iPhone
		{945F2ADD-10DB-463C-A384-E8AC18D4137E}.Ad-Hoc|ARM.ActiveCfg = Ad-Hoc|iPhone
		{945F2ADD-10DB-463C-A384-E8AC18D4137E}.Ad-Hoc|ARM.Build.0 = Ad-Hoc|iPhone
		{945F2ADD-10DB-463C-A384-E8AC18D4137E}.Ad-Hoc|ARM.Deploy.0 = Ad-Hoc|iPhone
		{945F2ADD-10DB-463C-A384-E8AC18D4137E}.Ad-Hoc|iPhone.ActiveCfg = Ad-Hoc|iPhone
		{945F2ADD-10DB-463C-A384-E8AC18D4137E}.Ad-Hoc|iPhone.Build.0 = Ad-Hoc|iPhone
		{945F2ADD-10DB-463C-A384-E8AC18D4137E}.Ad-Hoc|iPhone.Deploy.0 = Ad-Hoc|iPhone
		{945F2ADD-10DB-463C-A384-E8AC18D4137E}.Ad-Hoc|iPhoneSimulator.ActiveCfg = Ad-Hoc|iPhoneSimulator
		{945F2ADD-10DB-463C-A384-E8AC18D4137E}.Ad-Hoc|iPhoneSimulator.Build.0 = Ad-Hoc|iPhoneSimulator
		{945F2ADD-10DB-463C-A384-E8AC18D4137E}.Ad-Hoc|iPhoneSimulator.Deploy.0 = Ad-Hoc|iPhoneSimulator
		{945F2ADD-10DB-463C-A384-E8AC18D4137E}.Ad-Hoc|x64.ActiveCfg = Ad-Hoc|iPhone
		{945F2ADD-10DB-463C-A384-E8AC18D4137E}.Ad-Hoc|x64.Build.0 = Ad-Hoc|iPhone
		{945F2ADD-10DB-463C-A384-E8AC18D4137E}.Ad-Hoc|x64.Deploy.0 = Ad-Hoc|iPhone
		{945F2ADD-10DB-463C-A384-E8AC18D4137E}.Ad-Hoc|x86.ActiveCfg = Ad-Hoc|iPhone
		{945F2ADD-10DB-463C-A384-E8AC18D4137E}.Ad-Hoc|x86.Build.0 = Ad-Hoc|iPhone
		{945F2ADD-10DB-463C-A384-E8AC18D4137E}.Ad-Hoc|x86.Deploy.0 = Ad-Hoc|iPhone
		{945F2ADD-10DB-463C-A384-E8AC18D4137E}.AppStore|Any CPU.ActiveCfg = AppStore|iPhone
		{945F2ADD-10DB-463C-A384-E8AC18D4137E}.AppStore|Any CPU.Build.0 = AppStore|iPhone
		{945F2ADD-10DB-463C-A384-E8AC18D4137E}.AppStore|Any CPU.Deploy.0 = AppStore|iPhone
		{945F2ADD-10DB-463C-A384-E8AC18D4137E}.AppStore|ARM.ActiveCfg = AppStore|iPhone
		{945F2ADD-10DB-463C-A384-E8AC18D4137E}.AppStore|ARM.Build.0 = AppStore|iPhone
		{945F2ADD-10DB-463C-A384-E8AC18D4137E}.AppStore|ARM.Deploy.0 = AppStore|iPhone
		{945F2ADD-10DB-463C-A384-E8AC18D4137E}.AppStore|iPhone.ActiveCfg = AppStore|iPhone
		{945F2ADD-10DB-463C-A384-E8AC18D4137E}.AppStore|iPhone.Build.0 = AppStore|iPhone
		{945F2ADD-10DB-463C-A384-E8AC18D4137E}.AppStore|iPhone.Deploy.0 = AppStore|iPhone
		{945F2ADD-10DB-463C-A384-E8AC18D4137E}.AppStore|iPhoneSimulator.ActiveCfg = AppStore|iPhoneSimulator
		{945F2ADD-10DB-463C-A384-E8AC18D4137E}.AppStore|iPhoneSimulator.Build.0 = AppStore|iPhoneSimulator
		{945F2ADD-10DB-463C-A384-E8AC18D4137E}.AppStore|iPhoneSimulator.Deploy.0 = AppStore|iPhoneSimulator
		{945F2ADD-10DB-463C-A384-E8AC18D4137E}.AppStore|x64.ActiveCfg = AppStore|iPhone
		{945F2ADD-10DB-463C-A384-E8AC18D4137E}.AppStore|x64.Build.0 = AppStore|iPhone
		{945F2ADD-10DB-463C-A384-E8AC18D4137E}.AppStore|x64.Deploy.0 = AppStore|iPhone
		{945F2ADD-10DB-463C-A384-E8AC18D4137E}.AppStore|x86.ActiveCfg = AppStore|iPhone
		{945F2ADD-10DB-463C-A384-E8AC18D4137E}.AppStore|x86.Build.0 = AppStore|iPhone
		{945F2ADD-10DB-463C-A384-E8AC18D4137E}.AppStore|x86.Deploy.0 = AppStore|iPhone
		{945F2ADD-10DB-463C-A384-E8AC18D4137E}.Debug|Any CPU.ActiveCfg = Debug|iPhoneSimulator
		{945F2ADD-10DB-463C-A384-E8AC18D4137E}.Debug|Any CPU.Build.0 = Debug|iPhoneSimulator
		{945F2ADD-10DB-463C-A384-E8AC18D4137E}.Debug|Any CPU.Deploy.0 = Debug|iPhoneSimulator
		{945F2ADD-10DB-463C-A384-E8AC18D4137E}.Debug|ARM.ActiveCfg = Debug|iPhone
		{945F2ADD-10DB-463C-A384-E8AC18D4137E}.Debug|ARM.Build.0 = Debug|iPhone
		{945F2ADD-10DB-463C-A384-E8AC18D4137E}.Debug|ARM.Deploy.0 = Debug|iPhone
		{945F2ADD-10DB-463C-A384-E8AC18D4137E}.Debug|iPhone.ActiveCfg = Debug|iPhone
		{945F2ADD-10DB-463C-A384-E8AC18D4137E}.Debug|iPhone.Build.0 = Debug|iPhone
		{945F2ADD-10DB-463C-A384-E8AC18D4137E}.Debug|iPhone.Deploy.0 = Debug|iPhone
		{945F2ADD-10DB-463C-A384-E8AC18D4137E}.Debug|iPhoneSimulator.ActiveCfg = Debug|iPhoneSimulator
		{945F2ADD-10DB-463C-A384-E8AC18D4137E}.Debug|iPhoneSimulator.Build.0 = Debug|iPhoneSimulator
		{945F2ADD-10DB-463C-A384-E8AC18D4137E}.Debug|iPhoneSimulator.Deploy.0 = Debug|iPhoneSimulator
		{945F2ADD-10DB-463C-A384-E8AC18D4137E}.Debug|x64.ActiveCfg = Debug|iPhone
		{945F2ADD-10DB-463C-A384-E8AC18D4137E}.Debug|x64.Build.0 = Debug|iPhone
		{945F2ADD-10DB-463C-A384-E8AC18D4137E}.Debug|x64.Deploy.0 = Debug|iPhone
		{945F2ADD-10DB-463C-A384-E8AC18D4137E}.Debug|x86.ActiveCfg = Debug|iPhone
		{945F2ADD-10DB-463C-A384-E8AC18D4137E}.Debug|x86.Build.0 = Debug|iPhone
		{945F2ADD-10DB-463C-A384-E8AC18D4137E}.Debug|x86.Deploy.0 = Debug|iPhone
		{945F2ADD-10DB-463C-A384-E8AC18D4137E}.Release|Any CPU.ActiveCfg = Release|iPhone
		{945F2ADD-10DB-463C-A384-E8AC18D4137E}.Release|Any CPU.Build.0 = Release|iPhone
		{945F2ADD-10DB-463C-A384-E8AC18D4137E}.Release|Any CPU.Deploy.0 = Release|iPhone
		{945F2ADD-10DB-463C-A384-E8AC18D4137E}.Release|ARM.ActiveCfg = Release|iPhone
		{945F2ADD-10DB-463C-A384-E8AC18D4137E}.Release|ARM.Build.0 = Release|iPhone
		{945F2ADD-10DB-463C-A384-E8AC18D4137E}.Release|ARM.Deploy.0 = Release|iPhone
		{945F2ADD-10DB-463C-A384-E8AC18D4137E}.Release|iPhone.ActiveCfg = Release|iPhone
		{945F2ADD-10DB-463C-A384-E8AC18D4137E}.Release|iPhone.Build.0 = Release|iPhone
		{945F2ADD-10DB-463C-A384-E8AC18D4137E}.Release|iPhone.Deploy.0 = Release|iPhone
		{945F2ADD-10DB-463C-A384-E8AC18D4137E}.Release|iPhoneSimulator.ActiveCfg = Release|iPhoneSimulator
		{945F2ADD-10DB-463C-A384-E8AC18D4137E}.Release|iPhoneSimulator.Build.0 = Release|iPhoneSimulator
		{945F2ADD-10DB-463C-A384-E8AC18D4137E}.Release|iPhoneSimulator.Deploy.0 = Release|iPhoneSimulator
		{945F2ADD-10DB-463C-A384-E8AC18D4137E}.Release|x64.ActiveCfg = Release|iPhone
		{945F2ADD-10DB-463C-A384-E8AC18D4137E}.Release|x64.Build.0 = Release|iPhone
		{945F2ADD-10DB-463C-A384-E8AC18D4137E}.Release|x64.Deploy.0 = Release|iPhone
		{945F2ADD-10DB-463C-A384-E8AC18D4137E}.Release|x86.ActiveCfg = Release|iPhone
		{945F2ADD-10DB-463C-A384-E8AC18D4137E}.Release|x86.Build.0 = Release|iPhone
		{945F2ADD-10DB-463C-A384-E8AC18D4137E}.Release|x86.Deploy.0 = Release|iPhone
		{816E3A16-5EC4-4F1C-8576-70D8E9C656F8}.Ad-Hoc|Any CPU.ActiveCfg = Release|x86
		{816E3A16-5EC4-4F1C-8576-70D8E9C656F8}.Ad-Hoc|Any CPU.Build.0 = Release|x86
		{816E3A16-5EC4-4F1C-8576-70D8E9C656F8}.Ad-Hoc|Any CPU.Deploy.0 = Release|x86
		{816E3A16-5EC4-4F1C-8576-70D8E9C656F8}.Ad-Hoc|ARM.ActiveCfg = Release|ARM
		{816E3A16-5EC4-4F1C-8576-70D8E9C656F8}.Ad-Hoc|ARM.Build.0 = Release|ARM
		{816E3A16-5EC4-4F1C-8576-70D8E9C656F8}.Ad-Hoc|ARM.Deploy.0 = Release|ARM
		{816E3A16-5EC4-4F1C-8576-70D8E9C656F8}.Ad-Hoc|iPhone.ActiveCfg = Release|x86
		{816E3A16-5EC4-4F1C-8576-70D8E9C656F8}.Ad-Hoc|iPhone.Build.0 = Release|x86
		{816E3A16-5EC4-4F1C-8576-70D8E9C656F8}.Ad-Hoc|iPhone.Deploy.0 = Release|x86
		{816E3A16-5EC4-4F1C-8576-70D8E9C656F8}.Ad-Hoc|iPhoneSimulator.ActiveCfg = Release|x86
		{816E3A16-5EC4-4F1C-8576-70D8E9C656F8}.Ad-Hoc|iPhoneSimulator.Build.0 = Release|x86
		{816E3A16-5EC4-4F1C-8576-70D8E9C656F8}.Ad-Hoc|iPhoneSimulator.Deploy.0 = Release|x86
		{816E3A16-5EC4-4F1C-8576-70D8E9C656F8}.Ad-Hoc|x64.ActiveCfg = Release|x64
		{816E3A16-5EC4-4F1C-8576-70D8E9C656F8}.Ad-Hoc|x64.Build.0 = Release|x64
		{816E3A16-5EC4-4F1C-8576-70D8E9C656F8}.Ad-Hoc|x64.Deploy.0 = Release|x64
		{816E3A16-5EC4-4F1C-8576-70D8E9C656F8}.Ad-Hoc|x86.ActiveCfg = Release|x86
		{816E3A16-5EC4-4F1C-8576-70D8E9C656F8}.Ad-Hoc|x86.Build.0 = Release|x86
		{816E3A16-5EC4-4F1C-8576-70D8E9C656F8}.Ad-Hoc|x86.Deploy.0 = Release|x86
		{816E3A16-5EC4-4F1C-8576-70D8E9C656F8}.AppStore|Any CPU.ActiveCfg = Release|x86
		{816E3A16-5EC4-4F1C-8576-70D8E9C656F8}.AppStore|Any CPU.Build.0 = Release|x86
		{816E3A16-5EC4-4F1C-8576-70D8E9C656F8}.AppStore|Any CPU.Deploy.0 = Release|x86
		{816E3A16-5EC4-4F1C-8576-70D8E9C656F8}.AppStore|ARM.ActiveCfg = Release|ARM
		{816E3A16-5EC4-4F1C-8576-70D8E9C656F8}.AppStore|ARM.Build.0 = Release|ARM
		{816E3A16-5EC4-4F1C-8576-70D8E9C656F8}.AppStore|ARM.Deploy.0 = Release|ARM
		{816E3A16-5EC4-4F1C-8576-70D8E9C656F8}.AppStore|iPhone.ActiveCfg = Release|x86
		{816E3A16-5EC4-4F1C-8576-70D8E9C656F8}.AppStore|iPhone.Build.0 = Release|x86
		{816E3A16-5EC4-4F1C-8576-70D8E9C656F8}.AppStore|iPhone.Deploy.0 = Release|x86
		{816E3A16-5EC4-4F1C-8576-70D8E9C656F8}.AppStore|iPhoneSimulator.ActiveCfg = Release|x86
		{816E3A16-5EC4-4F1C-8576-70D8E9C656F8}.AppStore|iPhoneSimulator.Build.0 = Release|x86
		{816E3A16-5EC4-4F1C-8576-70D8E9C656F8}.AppStore|iPhoneSimulator.Deploy.0 = Release|x86
		{816E3A16-5EC4-4F1C-8576-70D8E9C656F8}.AppStore|x64.ActiveCfg = Release|x64
		{816E3A16-5EC4-4F1C-8576-70D8E9C656F8}.AppStore|x64.Build.0 = Release|x64
		{816E3A16-5EC4-4F1C-8576-70D8E9C656F8}.AppStore|x64.Deploy.0 = Release|x64
		{816E3A16-5EC4-4F1C-8576-70D8E9C656F8}.AppStore|x86.ActiveCfg = Release|x86
		{816E3A16-5EC4-4F1C-8576-70D8E9C656F8}.AppStore|x86.Build.0 = Release|x86
		{816E3A16-5EC4-4F1C-8576-70D8E9C656F8}.AppStore|x86.Deploy.0 = Release|x86
		{816E3A16-5EC4-4F1C-8576-70D8E9C656F8}.Debug|Any CPU.ActiveCfg = Debug|x86
		{816E3A16-5EC4-4F1C-8576-70D8E9C656F8}.Debug|Any CPU.Build.0 = Debug|x86
		{816E3A16-5EC4-4F1C-8576-70D8E9C656F8}.Debug|Any CPU.Deploy.0 = Debug|x86
		{816E3A16-5EC4-4F1C-8576-70D8E9C656F8}.Debug|ARM.ActiveCfg = Debug|ARM
		{816E3A16-5EC4-4F1C-8576-70D8E9C656F8}.Debug|ARM.Build.0 = Debug|ARM
		{816E3A16-5EC4-4F1C-8576-70D8E9C656F8}.Debug|ARM.Deploy.0 = Debug|ARM
		{816E3A16-5EC4-4F1C-8576-70D8E9C656F8}.Debug|iPhone.ActiveCfg = Debug|x86
		{816E3A16-5EC4-4F1C-8576-70D8E9C656F8}.Debug|iPhone.Build.0 = Debug|x86
		{816E3A16-5EC4-4F1C-8576-70D8E9C656F8}.Debug|iPhone.Deploy.0 = Debug|x86
		{816E3A16-5EC4-4F1C-8576-70D8E9C656F8}.Debug|iPhoneSimulator.ActiveCfg = Debug|x86
		{816E3A16-5EC4-4F1C-8576-70D8E9C656F8}.Debug|iPhoneSimulator.Build.0 = Debug|x86
		{816E3A16-5EC4-4F1C-8576-70D8E9C656F8}.Debug|iPhoneSimulator.Deploy.0 = Debug|x86
		{816E3A16-5EC4-4F1C-8576-70D8E9C656F8}.Debug|x64.ActiveCfg = Debug|x64
		{816E3A16-5EC4-4F1C-8576-70D8E9C656F8}.Debug|x64.Build.0 = Debug|x64
		{816E3A16-5EC4-4F1C-8576-70D8E9C656F8}.Debug|x64.Deploy.0 = Debug|x64
		{816E3A16-5EC4-4F1C-8576-70D8E9C656F8}.Debug|x86.ActiveCfg = Debug|x86
		{816E3A16-5EC4-4F1C-8576-70D8E9C656F8}.Debug|x86.Build.0 = Debug|x86
		{816E3A16-5EC4-4F1C-8576-70D8E9C656F8}.Debug|x86.Deploy.0 = Debug|x86
		{816E3A16-5EC4-4F1C-8576-70D8E9C656F8}.Release|Any CPU.ActiveCfg = Release|x86
		{816E3A16-5EC4-4F1C-8576-70D8E9C656F8}.Release|Any CPU.Build.0 = Release|x86
		{816E3A16-5EC4-4F1C-8576-70D8E9C656F8}.Release|Any CPU.Deploy.0 = Release|x86
		{816E3A16-5EC4-4F1C-8576-70D8E9C656F8}.Release|ARM.ActiveCfg = Release|ARM
		{816E3A16-5EC4-4F1C-8576-70D8E9C656F8}.Release|ARM.Build.0 = Release|ARM
		{816E3A16-5EC4-4F1C-8576-70D8E9C656F8}.Release|ARM.Deploy.0 = Release|ARM
		{816E3A16-5EC4-4F1C-8576-70D8E9C656F8}.Release|iPhone.ActiveCfg = Release|x86
		{816E3A16-5EC4-4F1C-8576-70D8E9C656F8}.Release|iPhone.Build.0 = Release|x86
		{816E3A16-5EC4-4F1C-8576-70D8E9C656F8}.Release|iPhone.Deploy.0 = Release|x86
		{816E3A16-5EC4-4F1C-8576-70D8E9C656F8}.Release|iPhoneSimulator.ActiveCfg = Release|x86
		{816E3A16-5EC4-4F1C-8576-70D8E9C656F8}.Release|iPhoneSimulator.Build.0 = Release|x86
		{816E3A16-5EC4-4F1C-8576-70D8E9C656F8}.Release|iPhoneSimulator.Deploy.0 = Release|x86
		{816E3A16-5EC4-4F1C-8576-70D8E9C656F8}.Release|x64.ActiveCfg = Release|x64
		{816E3A16-5EC4-4F1C-8576-70D8E9C656F8}.Release|x64.Build.0 = Release|x64
		{816E3A16-5EC4-4F1C-8576-70D8E9C656F8}.Release|x64.Deploy.0 = Release|x64
		{816E3A16-5EC4-4F1C-8576-70D8E9C656F8}.Release|x86.ActiveCfg = Release|x86
		{816E3A16-5EC4-4F1C-8576-70D8E9C656F8}.Release|x86.Build.0 = Release|x86
		{816E3A16-5EC4-4F1C-8576-70D8E9C656F8}.Release|x86.Deploy.0 = Release|x86
		{58B704DE-AB43-49CB-AA5B-94CDA3F9C1F1}.Ad-Hoc|Any CPU.ActiveCfg = Debug|Any CPU
		{58B704DE-AB43-49CB-AA5B-94CDA3F9C1F1}.Ad-Hoc|Any CPU.Build.0 = Debug|Any CPU
		{58B704DE-AB43-49CB-AA5B-94CDA3F9C1F1}.Ad-Hoc|Any CPU.Deploy.0 = Debug|Any CPU
		{58B704DE-AB43-49CB-AA5B-94CDA3F9C1F1}.Ad-Hoc|ARM.ActiveCfg = Debug|Any CPU
		{58B704DE-AB43-49CB-AA5B-94CDA3F9C1F1}.Ad-Hoc|ARM.Build.0 = Debug|Any CPU
		{58B704DE-AB43-49CB-AA5B-94CDA3F9C1F1}.Ad-Hoc|ARM.Deploy.0 = Debug|Any CPU
		{58B704DE-AB43-49CB-AA5B-94CDA3F9C1F1}.Ad-Hoc|iPhone.ActiveCfg = Debug|Any CPU
		{58B704DE-AB43-49CB-AA5B-94CDA3F9C1F1}.Ad-Hoc|iPhone.Build.0 = Debug|Any CPU
		{58B704DE-AB43-49CB-AA5B-94CDA3F9C1F1}.Ad-Hoc|iPhone.Deploy.0 = Debug|Any CPU
		{58B704DE-AB43-49CB-AA5B-94CDA3F9C1F1}.Ad-Hoc|iPhoneSimulator.ActiveCfg = Debug|Any CPU
		{58B704DE-AB43-49CB-AA5B-94CDA3F9C1F1}.Ad-Hoc|iPhoneSimulator.Build.0 = Debug|Any CPU
		{58B704DE-AB43-49CB-AA5B-94CDA3F9C1F1}.Ad-Hoc|iPhoneSimulator.Deploy.0 = Debug|Any CPU
		{58B704DE-AB43-49CB-AA5B-94CDA3F9C1F1}.Ad-Hoc|x64.ActiveCfg = Debug|Any CPU
		{58B704DE-AB43-49CB-AA5B-94CDA3F9C1F1}.Ad-Hoc|x64.Build.0 = Debug|Any CPU
		{58B704DE-AB43-49CB-AA5B-94CDA3F9C1F1}.Ad-Hoc|x64.Deploy.0 = Debug|Any CPU
		{58B704DE-AB43-49CB-AA5B-94CDA3F9C1F1}.Ad-Hoc|x86.ActiveCfg = Debug|Any CPU
		{58B704DE-AB43-49CB-AA5B-94CDA3F9C1F1}.Ad-Hoc|x86.Build.0 = Debug|Any CPU
		{58B704DE-AB43-49CB-AA5B-94CDA3F9C1F1}.Ad-Hoc|x86.Deploy.0 = Debug|Any CPU
		{58B704DE-AB43-49CB-AA5B-94CDA3F9C1F1}.AppStore|Any CPU.ActiveCfg = Debug|Any CPU
		{58B704DE-AB43-49CB-AA5B-94CDA3F9C1F1}.AppStore|Any CPU.Build.0 = Debug|Any CPU
		{58B704DE-AB43-49CB-AA5B-94CDA3F9C1F1}.AppStore|Any CPU.Deploy.0 = Debug|Any CPU
		{58B704DE-AB43-49CB-AA5B-94CDA3F9C1F1}.AppStore|ARM.ActiveCfg = Debug|Any CPU
		{58B704DE-AB43-49CB-AA5B-94CDA3F9C1F1}.AppStore|ARM.Build.0 = Debug|Any CPU
		{58B704DE-AB43-49CB-AA5B-94CDA3F9C1F1}.AppStore|ARM.Deploy.0 = Debug|Any CPU
		{58B704DE-AB43-49CB-AA5B-94CDA3F9C1F1}.AppStore|iPhone.ActiveCfg = Debug|Any CPU
		{58B704DE-AB43-49CB-AA5B-94CDA3F9C1F1}.AppStore|iPhone.Build.0 = Debug|Any CPU
		{58B704DE-AB43-49CB-AA5B-94CDA3F9C1F1}.AppStore|iPhone.Deploy.0 = Debug|Any CPU
		{58B704DE-AB43-49CB-AA5B-94CDA3F9C1F1}.AppStore|iPhoneSimulator.ActiveCfg = Debug|Any CPU
		{58B704DE-AB43-49CB-AA5B-94CDA3F9C1F1}.AppStore|iPhoneSimulator.Build.0 = Debug|Any CPU
		{58B704DE-AB43-49CB-AA5B-94CDA3F9C1F1}.AppStore|iPhoneSimulator.Deploy.0 = Debug|Any CPU
		{58B704DE-AB43-49CB-AA5B-94CDA3F9C1F1}.AppStore|x64.ActiveCfg = Debug|Any CPU
		{58B704DE-AB43-49CB-AA5B-94CDA3F9C1F1}.AppStore|x64.Build.0 = Debug|Any CPU
		{58B704DE-AB43-49CB-AA5B-94CDA3F9C1F1}.AppStore|x64.Deploy.0 = Debug|Any CPU
		{58B704DE-AB43-49CB-AA5B-94CDA3F9C1F1}.AppStore|x86.ActiveCfg = Debug|Any CPU
		{58B704DE-AB43-49CB-AA5B-94CDA3F9C1F1}.AppStore|x86.Build.0 = Debug|Any CPU
		{58B704DE-AB43-49CB-AA5B-94CDA3F9C1F1}.AppStore|x86.Deploy.0 = Debug|Any CPU
		{58B704DE-AB43-49CB-AA5B-94CDA3F9C1F1}.Debug|Any CPU.ActiveCfg = Debug|Any CPU
		{58B704DE-AB43-49CB-AA5B-94CDA3F9C1F1}.Debug|Any CPU.Build.0 = Debug|Any CPU
		{58B704DE-AB43-49CB-AA5B-94CDA3F9C1F1}.Debug|Any CPU.Deploy.0 = Debug|Any CPU
		{58B704DE-AB43-49CB-AA5B-94CDA3F9C1F1}.Debug|ARM.ActiveCfg = Debug|Any CPU
		{58B704DE-AB43-49CB-AA5B-94CDA3F9C1F1}.Debug|ARM.Build.0 = Debug|Any CPU
		{58B704DE-AB43-49CB-AA5B-94CDA3F9C1F1}.Debug|ARM.Deploy.0 = Debug|Any CPU
		{58B704DE-AB43-49CB-AA5B-94CDA3F9C1F1}.Debug|iPhone.ActiveCfg = Debug|Any CPU
		{58B704DE-AB43-49CB-AA5B-94CDA3F9C1F1}.Debug|iPhone.Build.0 = Debug|Any CPU
		{58B704DE-AB43-49CB-AA5B-94CDA3F9C1F1}.Debug|iPhone.Deploy.0 = Debug|Any CPU
		{58B704DE-AB43-49CB-AA5B-94CDA3F9C1F1}.Debug|iPhoneSimulator.ActiveCfg = Debug|Any CPU
		{58B704DE-AB43-49CB-AA5B-94CDA3F9C1F1}.Debug|iPhoneSimulator.Build.0 = Debug|Any CPU
		{58B704DE-AB43-49CB-AA5B-94CDA3F9C1F1}.Debug|iPhoneSimulator.Deploy.0 = Debug|Any CPU
		{58B704DE-AB43-49CB-AA5B-94CDA3F9C1F1}.Debug|x64.ActiveCfg = Debug|Any CPU
		{58B704DE-AB43-49CB-AA5B-94CDA3F9C1F1}.Debug|x64.Build.0 = Debug|Any CPU
		{58B704DE-AB43-49CB-AA5B-94CDA3F9C1F1}.Debug|x64.Deploy.0 = Debug|Any CPU
		{58B704DE-AB43-49CB-AA5B-94CDA3F9C1F1}.Debug|x86.ActiveCfg = Debug|Any CPU
		{58B704DE-AB43-49CB-AA5B-94CDA3F9C1F1}.Debug|x86.Build.0 = Debug|Any CPU
		{58B704DE-AB43-49CB-AA5B-94CDA3F9C1F1}.Debug|x86.Deploy.0 = Debug|Any CPU
		{58B704DE-AB43-49CB-AA5B-94CDA3F9C1F1}.Release|Any CPU.ActiveCfg = Release|Any CPU
		{58B704DE-AB43-49CB-AA5B-94CDA3F9C1F1}.Release|Any CPU.Build.0 = Release|Any CPU
		{58B704DE-AB43-49CB-AA5B-94CDA3F9C1F1}.Release|Any CPU.Deploy.0 = Release|Any CPU
		{58B704DE-AB43-49CB-AA5B-94CDA3F9C1F1}.Release|ARM.ActiveCfg = Release|Any CPU
		{58B704DE-AB43-49CB-AA5B-94CDA3F9C1F1}.Release|ARM.Build.0 = Release|Any CPU
		{58B704DE-AB43-49CB-AA5B-94CDA3F9C1F1}.Release|ARM.Deploy.0 = Release|Any CPU
		{58B704DE-AB43-49CB-AA5B-94CDA3F9C1F1}.Release|iPhone.ActiveCfg = Release|Any CPU
		{58B704DE-AB43-49CB-AA5B-94CDA3F9C1F1}.Release|iPhone.Build.0 = Release|Any CPU
		{58B704DE-AB43-49CB-AA5B-94CDA3F9C1F1}.Release|iPhone.Deploy.0 = Release|Any CPU
		{58B704DE-AB43-49CB-AA5B-94CDA3F9C1F1}.Release|iPhoneSimulator.ActiveCfg = Release|Any CPU
		{58B704DE-AB43-49CB-AA5B-94CDA3F9C1F1}.Release|iPhoneSimulator.Build.0 = Release|Any CPU
		{58B704DE-AB43-49CB-AA5B-94CDA3F9C1F1}.Release|iPhoneSimulator.Deploy.0 = Release|Any CPU
		{58B704DE-AB43-49CB-AA5B-94CDA3F9C1F1}.Release|x64.ActiveCfg = Release|Any CPU
		{58B704DE-AB43-49CB-AA5B-94CDA3F9C1F1}.Release|x64.Build.0 = Release|Any CPU
		{58B704DE-AB43-49CB-AA5B-94CDA3F9C1F1}.Release|x64.Deploy.0 = Release|Any CPU
		{58B704DE-AB43-49CB-AA5B-94CDA3F9C1F1}.Release|x86.ActiveCfg = Release|Any CPU
		{58B704DE-AB43-49CB-AA5B-94CDA3F9C1F1}.Release|x86.Build.0 = Release|Any CPU
		{58B704DE-AB43-49CB-AA5B-94CDA3F9C1F1}.Release|x86.Deploy.0 = Release|Any CPU
	EndGlobalSection
	GlobalSection(SolutionProperties) = preSolution
		HideSolutionNode = FALSE
	EndGlobalSection
	GlobalSection(ExtensibilityGlobals) = postSolution
		SolutionGuid = {7FAF98C3-22DD-4049-A62D-203BA6F35705}
	EndGlobalSection
EndGlobal
